# THIS IS AN AUTOGENERATED FILE. DO NOT EDIT THIS FILE DIRECTLY.
# yarn lockfile v1


"@now/node@^1.2.0":
  version "1.2.0"
  resolved "https://registry.yarnpkg.com/@now/node/-/node-1.2.0.tgz#9d8ee325b3fbf9cd453d00419f3cbe7819cb3ac3"
  integrity sha512-Opa2zADScP524xinCnfIug/8DzrXvNZhI6eUVPHBcnSxsRgVQphhUop9l3gRvepT77tfe1yuL3IsKUdTN51oOA==
  dependencies:
    "@types/node" "*"

"@types/node@*":
  version "12.12.12"
  resolved "https://registry.yarnpkg.com/@types/node/-/node-12.12.12.tgz#529bc3e73dbb35dd9e90b0a1c83606a9d3264bdb"
  integrity sha512-MGuvYJrPU0HUwqF7LqvIj50RZUX23Z+m583KBygKYUZLlZ88n6w28XRNJRJgsHukLEnLz6w6SvxZoLgbr5wLqQ==
